
Microsoft Visual Studio Solution File, Format Version 12.00
# Visual Studio Version 17
VisualStudioVersion = 17.8.34408.163
MinimumVisualStudioVersion = 10.0.40219.1
Project("{2150E333-8FDC-42A3-9474-1A3956D46DE8}") = "Core", "Core", "{D1EFC344-3C50-40D8-A6B7-E6732BED1779}"
EndProject
Project("{2150E333-8FDC-42A3-9474-1A3956D46DE8}") = "Infrastructure", "Infrastructure", "{ED7C4F4C-A0BB-4429-82E8-C0508E24AA92}"
EndProject
Project("{2150E333-8FDC-42A3-9474-1A3956D46DE8}") = "Presentation", "Presentation", "{21785790-F06C-4C4D-97E5-C01A1362955E}"
EndProject
Project("{9A19103F-16F7-4668-BE54-9A1E7A4F7556}") = "LedSoft.Domain", "Core\LedSoft.Domain\LedSoft.Domain.csproj", "{C545B1B9-4846-4585-8F10-98B4A7A1F08C}"
EndProject
Project("{9A19103F-16F7-4668-BE54-9A1E7A4F7556}") = "LedSoft.Application", "Core\LedSoft.Application\LedSoft.Application.csproj", "{090BDC44-F1A8-4771-9776-1178ED32119D}"
EndProject
Project("{9A19103F-16F7-4668-BE54-9A1E7A4F7556}") = "LedSoft.Infrastructure", "Infrastructure\LedSoft.Infrastructure\LedSoft.Infrastructure.csproj", "{FFE75718-A543-4FCA-B2FA-60263984D1EF}"
EndProject
Project("{9A19103F-16F7-4668-BE54-9A1E7A4F7556}") = "LedSoft.Persistence", "LedSoft.Persistence\LedSoft.Persistence.csproj", "{C1106A57-7619-4088-80C2-C3F7F9BBD506}"
EndProject
Project("{9A19103F-16F7-4668-BE54-9A1E7A4F7556}") = "LedSoft.Server", "LedSoft\Server\LedSoft.Server.csproj", "{2ED857D3-4A4E-46AC-82D8-1642D93CAB8C}"
EndProject
Project("{9A19103F-16F7-4668-BE54-9A1E7A4F7556}") = "LedSoft.Client", "LedSoft\Client\LedSoft.Client.csproj", "{83537D90-EF63-47FF-8C6B-9489D095E4EE}"
EndProject
Project("{9A19103F-16F7-4668-BE54-9A1E7A4F7556}") = "LedSoft.Shared", "LedSoft\Shared\LedSoft.Shared.csproj", "{E0CC4894-F8B5-499B-8696-973EE2C4EC52}"
EndProject
Project("{9A19103F-16F7-4668-BE54-9A1E7A4F7556}") = "LedSoft.mobile", "LedSoft.mobile\LedSoft.mobile.csproj", "{C91375FB-8DEA-4197-AF6E-C10D6FF15B58}"
EndProject
Global
	GlobalSection(SolutionConfigurationPlatforms) = preSolution
		Debug|Any CPU = Debug|Any CPU
		Release|Any CPU = Release|Any CPU
	EndGlobalSection
	GlobalSection(ProjectConfigurationPlatforms) = postSolution
		{C545B1B9-4846-4585-8F10-98B4A7A1F08C}.Debug|Any CPU.ActiveCfg = Debug|Any CPU
		{C545B1B9-4846-4585-8F10-98B4A7A1F08C}.Debug|Any CPU.Build.0 = Debug|Any CPU
		{C545B1B9-4846-4585-8F10-98B4A7A1F08C}.Release|Any CPU.ActiveCfg = Release|Any CPU
		{C545B1B9-4846-4585-8F10-98B4A7A1F08C}.Release|Any CPU.Build.0 = Release|Any CPU
		{090BDC44-F1A8-4771-9776-1178ED32119D}.Debug|Any CPU.ActiveCfg = Debug|Any CPU
		{090BDC44-F1A8-4771-9776-1178ED32119D}.Debug|Any CPU.Build.0 = Debug|Any CPU
		{090BDC44-F1A8-4771-9776-1178ED32119D}.Release|Any CPU.ActiveCfg = Release|Any CPU
		{090BDC44-F1A8-4771-9776-1178ED32119D}.Release|Any CPU.Build.0 = Release|Any CPU
		{FFE75718-A543-4FCA-B2FA-60263984D1EF}.Debug|Any CPU.ActiveCfg = Debug|Any CPU
		{FFE75718-A543-4FCA-B2FA-60263984D1EF}.Debug|Any CPU.Build.0 = Debug|Any CPU
		{FFE75718-A543-4FCA-B2FA-60263984D1EF}.Release|Any CPU.ActiveCfg = Release|Any CPU
		{FFE75718-A543-4FCA-B2FA-60263984D1EF}.Release|Any CPU.Build.0 = Release|Any CPU
		{C1106A57-7619-4088-80C2-C3F7F9BBD506}.Debug|Any CPU.ActiveCfg = Debug|Any CPU
		{C1106A57-7619-4088-80C2-C3F7F9BBD506}.Debug|Any CPU.Build.0 = Debug|Any CPU
		{C1106A57-7619-4088-80C2-C3F7F9BBD506}.Release|Any CPU.ActiveCfg = Release|Any CPU
		{C1106A57-7619-4088-80C2-C3F7F9BBD506}.Release|Any CPU.Build.0 = Release|Any CPU
		{2ED857D3-4A4E-46AC-82D8-1642D93CAB8C}.Debug|Any CPU.ActiveCfg = Debug|Any CPU
		{2ED857D3-4A4E-46AC-82D8-1642D93CAB8C}.Debug|Any CPU.Build.0 = Debug|Any CPU
		{2ED857D3-4A4E-46AC-82D8-1642D93CAB8C}.Release|Any CPU.ActiveCfg = Release|Any CPU
		{2ED857D3-4A4E-46AC-82D8-1642D93CAB8C}.Release|Any CPU.Build.0 = Release|Any CPU
		{83537D90-EF63-47FF-8C6B-9489D095E4EE}.Debug|Any CPU.ActiveCfg = Debug|Any CPU
		{83537D90-EF63-47FF-8C6B-9489D095E4EE}.Debug|Any CPU.Build.0 = Debug|Any CPU
		{83537D90-EF63-47FF-8C6B-9489D095E4EE}.Release|Any CPU.ActiveCfg = Release|Any CPU
		{83537D90-EF63-47FF-8C6B-9489D095E4EE}.Release|Any CPU.Build.0 = Release|Any CPU
		{E0CC4894-F8B5-499B-8696-973EE2C4EC52}.Debug|Any CPU.ActiveCfg = Debug|Any CPU
		{E0CC4894-F8B5-499B-8696-973EE2C4EC52}.Debug|Any CPU.Build.0 = Debug|Any CPU
		{E0CC4894-F8B5-499B-8696-973EE2C4EC52}.Release|Any CPU.ActiveCfg = Release|Any CPU
		{E0CC4894-F8B5-499B-8696-973EE2C4EC52}.Release|Any CPU.Build.0 = Release|Any CPU
		{C91375FB-8DEA-4197-AF6E-C10D6FF15B58}.Debug|Any CPU.ActiveCfg = Debug|Any CPU
		{C91375FB-8DEA-4197-AF6E-C10D6FF15B58}.Debug|Any CPU.Build.0 = Debug|Any CPU
		{C91375FB-8DEA-4197-AF6E-C10D6FF15B58}.Debug|Any CPU.Deploy.0 = Debug|Any CPU
		{C91375FB-8DEA-4197-AF6E-C10D6FF15B58}.Release|Any CPU.ActiveCfg = Release|Any CPU
		{C91375FB-8DEA-4197-AF6E-C10D6FF15B58}.Release|Any CPU.Build.0 = Release|Any CPU
		{C91375FB-8DEA-4197-AF6E-C10D6FF15B58}.Release|Any CPU.Deploy.0 = Release|Any CPU
	EndGlobalSection
	GlobalSection(SolutionProperties) = preSolution
		HideSolutionNode = FALSE
	EndGlobalSection
	GlobalSection(NestedProjects) = preSolution
		{C545B1B9-4846-4585-8F10-98B4A7A1F08C} = {D1EFC344-3C50-40D8-A6B7-E6732BED1779}
		{090BDC44-F1A8-4771-9776-1178ED32119D} = {D1EFC344-3C50-40D8-A6B7-E6732BED1779}
		{FFE75718-A543-4FCA-B2FA-60263984D1EF} = {ED7C4F4C-A0BB-4429-82E8-C0508E24AA92}
		{C1106A57-7619-4088-80C2-C3F7F9BBD506} = {ED7C4F4C-A0BB-4429-82E8-C0508E24AA92}
		{2ED857D3-4A4E-46AC-82D8-1642D93CAB8C} = {21785790-F06C-4C4D-97E5-C01A1362955E}
		{83537D90-EF63-47FF-8C6B-9489D095E4EE} = {21785790-F06C-4C4D-97E5-C01A1362955E}
		{E0CC4894-F8B5-499B-8696-973EE2C4EC52} = {21785790-F06C-4C4D-97E5-C01A1362955E}
		{C91375FB-8DEA-4197-AF6E-C10D6FF15B58} = {21785790-F06C-4C4D-97E5-C01A1362955E}
	EndGlobalSection
	GlobalSection(ExtensibilityGlobals) = postSolution
		SolutionGuid = {3D3FECC8-9A57-477F-AE39-84B2B0571DC6}
	EndGlobalSection
EndGlobal
